// !$*UTF8*$!
{
	archiveVersion = 1;
	classes = {
	};
	objectVersion = 46;
	objects = {

/* Begin PBXBuildFile section */
		314853A42C815B715B2B33EB /* libPods-RightLeft.a in Frameworks */ = {isa = PBXBuildFile; fileRef = F7BE2CDE6F91A4F143A9CDA7 /* libPods-RightLeft.a */; };
		782B39401B2D523600FDB449 /* main.m in Sources */ = {isa = PBXBuildFile; fileRef = 782B393F1B2D523600FDB449 /* main.m */; };
		782B39431B2D523600FDB449 /* AppDelegate.m in Sources */ = {isa = PBXBuildFile; fileRef = 782B39421B2D523600FDB449 /* AppDelegate.m */; };
		782B39461B2D523600FDB449 /* GameScene.m in Sources */ = {isa = PBXBuildFile; fileRef = 782B39451B2D523600FDB449 /* GameScene.m */; };
		782B39481B2D523700FDB449 /* GameScene.sks in Resources */ = {isa = PBXBuildFile; fileRef = 782B39471B2D523700FDB449 /* GameScene.sks */; };
		782B394B1B2D523700FDB449 /* GameViewController.m in Sources */ = {isa = PBXBuildFile; fileRef = 782B394A1B2D523700FDB449 /* GameViewController.m */; };
		782B394E1B2D523700FDB449 /* Main.storyboard in Resources */ = {isa = PBXBuildFile; fileRef = 782B394C1B2D523700FDB449 /* Main.storyboard */; };
		782B39501B2D523700FDB449 /* Images.xcassets in Resources */ = {isa = PBXBuildFile; fileRef = 782B394F1B2D523700FDB449 /* Images.xcassets */; };
		782B39531B2D523700FDB449 /* LaunchScreen.xib in Resources */ = {isa = PBXBuildFile; fileRef = 782B39511B2D523700FDB449 /* LaunchScreen.xib */; };
		784B03F21B9A87AD003ED3A6 /* CoreData.framework in Frameworks */ = {isa = PBXBuildFile; fileRef = 784B03F11B9A87AD003ED3A6 /* CoreData.framework */; };
		784B03F41B9A87B6003ED3A6 /* CoreGraphics.framework in Frameworks */ = {isa = PBXBuildFile; fileRef = 784B03F31B9A87B6003ED3A6 /* CoreGraphics.framework */; };
		784B03F61B9A87C5003ED3A6 /* CoreLocation.framework in Frameworks */ = {isa = PBXBuildFile; fileRef = 784B03F51B9A87C5003ED3A6 /* CoreLocation.framework */; };
		784B03F81B9A87D1003ED3A6 /* CoreMotion.framework in Frameworks */ = {isa = PBXBuildFile; fileRef = 784B03F71B9A87D1003ED3A6 /* CoreMotion.framework */; };
		784B03FA1B9A87E2003ED3A6 /* EventKit.framework in Frameworks */ = {isa = PBXBuildFile; fileRef = 784B03F91B9A87E2003ED3A6 /* EventKit.framework */; };
		784B03FC1B9A87EF003ED3A6 /* Foundation.framework in Frameworks */ = {isa = PBXBuildFile; fileRef = 784B03FB1B9A87EF003ED3A6 /* Foundation.framework */; };
		784B03FE1B9A87FB003ED3A6 /* MediaPlayer.framework in Frameworks */ = {isa = PBXBuildFile; fileRef = 784B03FD1B9A87FB003ED3A6 /* MediaPlayer.framework */; };
		784B04001B9A8805003ED3A6 /* MessageUI.framework in Frameworks */ = {isa = PBXBuildFile; fileRef = 784B03FF1B9A8805003ED3A6 /* MessageUI.framework */; };
		784B04021B9A8811003ED3A6 /* Security.framework in Frameworks */ = {isa = PBXBuildFile; fileRef = 784B04011B9A8811003ED3A6 /* Security.framework */; };
		784B04041B9A881C003ED3A6 /* Social.framework in Frameworks */ = {isa = PBXBuildFile; fileRef = 784B04031B9A881C003ED3A6 /* Social.framework */; };
		784B04061B9A8829003ED3A6 /* StoreKit.framework in Frameworks */ = {isa = PBXBuildFile; fileRef = 784B04051B9A8829003ED3A6 /* StoreKit.framework */; };
		784B04081B9A8835003ED3A6 /* SystemConfiguration.framework in Frameworks */ = {isa = PBXBuildFile; fileRef = 784B04071B9A8835003ED3A6 /* SystemConfiguration.framework */; };
		784B040A1B9A8840003ED3A6 /* UIKit.framework in Frameworks */ = {isa = PBXBuildFile; fileRef = 784B04091B9A8840003ED3A6 /* UIKit.framework */; };
		784B040C1B9A8850003ED3A6 /* libc++.dylib in Frameworks */ = {isa = PBXBuildFile; fileRef = 784B040B1B9A8850003ED3A6 /* libc++.dylib */; };
		784B040E1B9A8870003ED3A6 /* Tapjoy.framework in Frameworks */ = {isa = PBXBuildFile; fileRef = 784B040D1B9A8870003ED3A6 /* Tapjoy.framework */; };
		784B04101B9A88CE003ED3A6 /* libz.dylib in Frameworks */ = {isa = PBXBuildFile; fileRef = 784B040F1B9A88CE003ED3A6 /* libz.dylib */; };
		786BAE361B2FB76400541903 /* GenerateUniqueRandomNumber.m in Sources */ = {isa = PBXBuildFile; fileRef = 786BAE351B2FB76400541903 /* GenerateUniqueRandomNumber.m */; };
		786BAE391B2FB8B000541903 /* utiliz.m in Sources */ = {isa = PBXBuildFile; fileRef = 786BAE381B2FB8B000541903 /* utiliz.m */; };
		786BAE3B1B2FE1FC00541903 /* MenuScene.sks in Resources */ = {isa = PBXBuildFile; fileRef = 786BAE3A1B2FE1FC00541903 /* MenuScene.sks */; };
		786BAE3E1B2FE7E300541903 /* line.png in Resources */ = {isa = PBXBuildFile; fileRef = 786BAE3D1B2FE7E300541903 /* line.png */; };
		786BAE401B2FEB4C00541903 /* play.png in Resources */ = {isa = PBXBuildFile; fileRef = 786BAE3F1B2FEB4C00541903 /* play.png */; };
		786BAE431B2FEB7F00541903 /* MenuScene.m in Sources */ = {isa = PBXBuildFile; fileRef = 786BAE421B2FEB7F00541903 /* MenuScene.m */; };
		786BAE451B2FF22800541903 /* settings.png in Resources */ = {isa = PBXBuildFile; fileRef = 786BAE441B2FF22800541903 /* settings.png */; };
		786BAE471B2FF32E00541903 /* leaderboard.png in Resources */ = {isa = PBXBuildFile; fileRef = 786BAE461B2FF32E00541903 /* leaderboard.png */; };
		786BAE491B2FF47700541903 /* gametitle.png in Resources */ = {isa = PBXBuildFile; fileRef = 786BAE481B2FF47700541903 /* gametitle.png */; };
		786BAE4E1B2FFC9100541903 /* GameEndScene.m in Sources */ = {isa = PBXBuildFile; fileRef = 786BAE4D1B2FFC9100541903 /* GameEndScene.m */; };
		786BAE501B2FFD4400541903 /* GameEndScene.sks in Resources */ = {isa = PBXBuildFile; fileRef = 786BAE4F1B2FFD4400541903 /* GameEndScene.sks */; };
		786BAE531B30078E00541903 /* blue.png in Resources */ = {isa = PBXBuildFile; fileRef = 786BAE511B30078E00541903 /* blue.png */; };
		786BAE541B30078E00541903 /* orange.png in Resources */ = {isa = PBXBuildFile; fileRef = 786BAE521B30078E00541903 /* orange.png */; };
		78BB2A221B31D669001FF1C1 /* click.mp3 in Resources */ = {isa = PBXBuildFile; fileRef = 78BB2A201B31D669001FF1C1 /* click.mp3 */; };
		78BB2A231B31D669001FF1C1 /* wrong.wav in Resources */ = {isa = PBXBuildFile; fileRef = 78BB2A211B31D669001FF1C1 /* wrong.wav */; };
		78C68ABC1B303FB3004B8EA3 /* AdmobViewController.m in Sources */ = {isa = PBXBuildFile; fileRef = 78C68AB91B303FB3004B8EA3 /* AdmobViewController.m */; };
		78C68ABD1B303FB3004B8EA3 /* GameCenterClass.m in Sources */ = {isa = PBXBuildFile; fileRef = 78C68ABB1B303FB3004B8EA3 /* GameCenterClass.m */; };
		78ED870C1B318307007C7AF3 /* SettingScene.m in Sources */ = {isa = PBXBuildFile; fileRef = 78ED870B1B318307007C7AF3 /* SettingScene.m */; };
		78ED870E1B318351007C7AF3 /* SettingScene.sks in Resources */ = {isa = PBXBuildFile; fileRef = 78ED870D1B318351007C7AF3 /* SettingScene.sks */; };
		78ED87101B3188C2007C7AF3 /* help.png in Resources */ = {isa = PBXBuildFile; fileRef = 78ED870F1B3188C2007C7AF3 /* help.png */; };
		DDA4B5411B3ABD100085178D /* GoogleMobileAds.framework in Frameworks */ = {isa = PBXBuildFile; fileRef = DDA4B5401B3ABD100085178D /* GoogleMobileAds.framework */; };
/* End PBXBuildFile section */

/* Begin PBXFileReference section */
		782B393A1B2D523600FDB449 /* RightLeft.app */ = {isa = PBXFileReference; explicitFileType = wrapper.application; includeInIndex = 0; path = RightLeft.app; sourceTree = BUILT_PRODUCTS_DIR; };
		782B393E1B2D523600FDB449 /* Info.plist */ = {isa = PBXFileReference; lastKnownFileType = text.plist.xml; path = Info.plist; sourceTree = "<group>"; };
		782B393F1B2D523600FDB449 /* main.m */ = {isa = PBXFileReference; lastKnownFileType = sourcecode.c.objc; path = main.m; sourceTree = "<group>"; };
		782B39411B2D523600FDB449 /* AppDelegate.h */ = {isa = PBXFileReference; lastKnownFileType = sourcecode.c.h; path = AppDelegate.h; sourceTree = "<group>"; };
		782B39421B2D523600FDB449 /* AppDelegate.m */ = {isa = PBXFileReference; lastKnownFileType = sourcecode.c.objc; path = AppDelegate.m; sourceTree = "<group>"; };
		782B39441B2D523600FDB449 /* GameScene.h */ = {isa = PBXFileReference; lastKnownFileType = sourcecode.c.h; path = GameScene.h; sourceTree = "<group>"; };
		782B39451B2D523600FDB449 /* GameScene.m */ = {isa = PBXFileReference; lastKnownFileType = sourcecode.c.objc; path = GameScene.m; sourceTree = "<group>"; };
		782B39471B2D523700FDB449 /* GameScene.sks */ = {isa = PBXFileReference; lastKnownFileType = file.sks; path = GameScene.sks; sourceTree = "<group>"; };
		782B39491B2D523700FDB449 /* GameViewController.h */ = {isa = PBXFileReference; lastKnownFileType = sourcecode.c.h; path = GameViewController.h; sourceTree = "<group>"; };
		782B394A1B2D523700FDB449 /* GameViewController.m */ = {isa = PBXFileReference; lastKnownFileType = sourcecode.c.objc; path = GameViewController.m; sourceTree = "<group>"; };
		782B394D1B2D523700FDB449 /* Base */ = {isa = PBXFileReference; lastKnownFileType = file.storyboard; name = Base; path = Base.lproj/Main.storyboard; sourceTree = "<group>"; };
		782B394F1B2D523700FDB449 /* Images.xcassets */ = {isa = PBXFileReference; lastKnownFileType = folder.assetcatalog; path = Images.xcassets; sourceTree = "<group>"; };
		782B39521B2D523700FDB449 /* Base */ = {isa = PBXFileReference; lastKnownFileType = file.xib; name = Base; path = Base.lproj/LaunchScreen.xib; sourceTree = "<group>"; };
		782B395D1B2D523700FDB449 /* Info.plist */ = {isa = PBXFileReference; lastKnownFileType = text.plist.xml; path = Info.plist; sourceTree = "<group>"; };
		782B395E1B2D523700FDB449 /* RightLeftTests.m */ = {isa = PBXFileReference; lastKnownFileType = sourcecode.c.objc; path = RightLeftTests.m; sourceTree = "<group>"; };
		784B03F11B9A87AD003ED3A6 /* CoreData.framework */ = {isa = PBXFileReference; lastKnownFileType = wrapper.framework; name = CoreData.framework; path = System/Library/Frameworks/CoreData.framework; sourceTree = SDKROOT; };
		784B03F31B9A87B6003ED3A6 /* CoreGraphics.framework */ = {isa = PBXFileReference; lastKnownFileType = wrapper.framework; name = CoreGraphics.framework; path = System/Library/Frameworks/CoreGraphics.framework; sourceTree = SDKROOT; };
		784B03F51B9A87C5003ED3A6 /* CoreLocation.framework */ = {isa = PBXFileReference; lastKnownFileType = wrapper.framework; name = CoreLocation.framework; path = System/Library/Frameworks/CoreLocation.framework; sourceTree = SDKROOT; };
		784B03F71B9A87D1003ED3A6 /* CoreMotion.framework */ = {isa = PBXFileReference; lastKnownFileType = wrapper.framework; name = CoreMotion.framework; path = System/Library/Frameworks/CoreMotion.framework; sourceTree = SDKROOT; };
		784B03F91B9A87E2003ED3A6 /* EventKit.framework */ = {isa = PBXFileReference; lastKnownFileType = wrapper.framework; name = EventKit.framework; path = System/Library/Frameworks/EventKit.framework; sourceTree = SDKROOT; };
		784B03FB1B9A87EF003ED3A6 /* Foundation.framework */ = {isa = PBXFileReference; lastKnownFileType = wrapper.framework; name = Foundation.framework; path = System/Library/Frameworks/Foundation.framework; sourceTree = SDKROOT; };
		784B03FD1B9A87FB003ED3A6 /* MediaPlayer.framework */ = {isa = PBXFileReference; lastKnownFileType = wrapper.framework; name = MediaPlayer.framework; path = System/Library/Frameworks/MediaPlayer.framework; sourceTree = SDKROOT; };
		784B03FF1B9A8805003ED3A6 /* MessageUI.framework */ = {isa = PBXFileReference; lastKnownFileType = wrapper.framework; name = MessageUI.framework; path = System/Library/Frameworks/MessageUI.framework; sourceTree = SDKROOT; };
		784B04011B9A8811003ED3A6 /* Security.framework */ = {isa = PBXFileReference; lastKnownFileType = wrapper.framework; name = Security.framework; path = System/Library/Frameworks/Security.framework; sourceTree = SDKROOT; };
		784B04031B9A881C003ED3A6 /* Social.framework */ = {isa = PBXFileReference; lastKnownFileType = wrapper.framework; name = Social.framework; path = System/Library/Frameworks/Social.framework; sourceTree = SDKROOT; };
		784B04051B9A8829003ED3A6 /* StoreKit.framework */ = {isa = PBXFileReference; lastKnownFileType = wrapper.framework; name = StoreKit.framework; path = System/Library/Frameworks/StoreKit.framework; sourceTree = SDKROOT; };
		784B04071B9A8835003ED3A6 /* SystemConfiguration.framework */ = {isa = PBXFileReference; lastKnownFileType = wrapper.framework; name = SystemConfiguration.framework; path = System/Library/Frameworks/SystemConfiguration.framework; sourceTree = SDKROOT; };
		784B04091B9A8840003ED3A6 /* UIKit.framework */ = {isa = PBXFileReference; lastKnownFileType = wrapper.framework; name = UIKit.framework; path = System/Library/Frameworks/UIKit.framework; sourceTree = SDKROOT; };
		784B040B1B9A8850003ED3A6 /* libc++.dylib */ = {isa = PBXFileReference; lastKnownFileType = "compiled.mach-o.dylib"; name = "libc++.dylib"; path = "usr/lib/libc++.dylib"; sourceTree = SDKROOT; };
		784B040D1B9A8870003ED3A6 /* Tapjoy.framework */ = {isa = PBXFileReference; lastKnownFileType = wrapper.framework; name = Tapjoy.framework; path = Pods/TapjoySDK/TapjoySDK_iOS_v11.1.0/Libraries/Tapjoy.embeddedframework/Tapjoy.framework; sourceTree = "<group>"; };
		784B040F1B9A88CE003ED3A6 /* libz.dylib */ = {isa = PBXFileReference; lastKnownFileType = "compiled.mach-o.dylib"; name = libz.dylib; path = usr/lib/libz.dylib; sourceTree = SDKROOT; };
		786BAE341B2FB76400541903 /* GenerateUniqueRandomNumber.h */ = {isa = PBXFileReference; fileEncoding = 4; lastKnownFileType = sourcecode.c.h; path = GenerateUniqueRandomNumber.h; sourceTree = "<group>"; };
		786BAE351B2FB76400541903 /* GenerateUniqueRandomNumber.m */ = {isa = PBXFileReference; fileEncoding = 4; lastKnownFileType = sourcecode.c.objc; path = GenerateUniqueRandomNumber.m; sourceTree = "<group>"; };
		786BAE371B2FB8B000541903 /* utiliz.h */ = {isa = PBXFileReference; fileEncoding = 4; lastKnownFileType = sourcecode.c.h; path = utiliz.h; sourceTree = "<group>"; };
		786BAE381B2FB8B000541903 /* utiliz.m */ = {isa = PBXFileReference; fileEncoding = 4; lastKnownFileType = sourcecode.c.objc; path = utiliz.m; sourceTree = "<group>"; };
		786BAE3A1B2FE1FC00541903 /* MenuScene.sks */ = {isa = PBXFileReference; lastKnownFileType = file.sks; path = MenuScene.sks; sourceTree = "<group>"; };
		786BAE3D1B2FE7E300541903 /* line.png */ = {isa = PBXFileReference; lastKnownFileType = image.png; name = line.png; path = images/line.png; sourceTree = "<group>"; };
		786BAE3F1B2FEB4C00541903 /* play.png */ = {isa = PBXFileReference; lastKnownFileType = image.png; name = play.png; path = images/play.png; sourceTree = "<group>"; };
		786BAE411B2FEB7F00541903 /* MenuScene.h */ = {isa = PBXFileReference; fileEncoding = 4; lastKnownFileType = sourcecode.c.h; path = MenuScene.h; sourceTree = "<group>"; };
		786BAE421B2FEB7F00541903 /* MenuScene.m */ = {isa = PBXFileReference; fileEncoding = 4; lastKnownFileType = sourcecode.c.objc; path = MenuScene.m; sourceTree = "<group>"; };
		786BAE441B2FF22800541903 /* settings.png */ = {isa = PBXFileReference; lastKnownFileType = image.png; name = settings.png; path = images/settings.png; sourceTree = "<group>"; };
		786BAE461B2FF32E00541903 /* leaderboard.png */ = {isa = PBXFileReference; lastKnownFileType = image.png; name = leaderboard.png; path = images/leaderboard.png; sourceTree = "<group>"; };
		786BAE481B2FF47700541903 /* gametitle.png */ = {isa = PBXFileReference; lastKnownFileType = image.png; name = gametitle.png; path = images/gametitle.png; sourceTree = "<group>"; };
		786BAE4C1B2FFC9100541903 /* GameEndScene.h */ = {isa = PBXFileReference; fileEncoding = 4; lastKnownFileType = sourcecode.c.h; path = GameEndScene.h; sourceTree = "<group>"; };
		786BAE4D1B2FFC9100541903 /* GameEndScene.m */ = {isa = PBXFileReference; fileEncoding = 4; lastKnownFileType = sourcecode.c.objc; path = GameEndScene.m; sourceTree = "<group>"; };
		786BAE4F1B2FFD4400541903 /* GameEndScene.sks */ = {isa = PBXFileReference; lastKnownFileType = file.sks; path = GameEndScene.sks; sourceTree = "<group>"; };
		786BAE511B30078E00541903 /* blue.png */ = {isa = PBXFileReference; lastKnownFileType = image.png; name = blue.png; path = images/blue.png; sourceTree = "<group>"; };
		786BAE521B30078E00541903 /* orange.png */ = {isa = PBXFileReference; lastKnownFileType = image.png; name = orange.png; path = images/orange.png; sourceTree = "<group>"; };
		78BB2A1E1B31A30B001FF1C1 /* RIghtLeftConstant.h */ = {isa = PBXFileReference; lastKnownFileType = sourcecode.c.h; path = RIghtLeftConstant.h; sourceTree = "<group>"; };
		78BB2A201B31D669001FF1C1 /* click.mp3 */ = {isa = PBXFileReference; lastKnownFileType = audio.mp3; path = click.mp3; sourceTree = "<group>"; };
		78BB2A211B31D669001FF1C1 /* wrong.wav */ = {isa = PBXFileReference; lastKnownFileType = audio.wav; path = wrong.wav; sourceTree = "<group>"; };
		78C68AB81B303FB3004B8EA3 /* AdmobViewController.h */ = {isa = PBXFileReference; fileEncoding = 4; lastKnownFileType = sourcecode.c.h; path = AdmobViewController.h; sourceTree = "<group>"; };
		78C68AB91B303FB3004B8EA3 /* AdmobViewController.m */ = {isa = PBXFileReference; fileEncoding = 4; lastKnownFileType = sourcecode.c.objc; path = AdmobViewController.m; sourceTree = "<group>"; };
		78C68ABA1B303FB3004B8EA3 /* GameCenterClass.h */ = {isa = PBXFileReference; fileEncoding = 4; lastKnownFileType = sourcecode.c.h; path = GameCenterClass.h; sourceTree = "<group>"; };
		78C68ABB1B303FB3004B8EA3 /* GameCenterClass.m */ = {isa = PBXFileReference; fileEncoding = 4; lastKnownFileType = sourcecode.c.objc; path = GameCenterClass.m; sourceTree = "<group>"; };
		78ED870A1B318307007C7AF3 /* SettingScene.h */ = {isa = PBXFileReference; fileEncoding = 4; lastKnownFileType = sourcecode.c.h; path = SettingScene.h; sourceTree = "<group>"; };
		78ED870B1B318307007C7AF3 /* SettingScene.m */ = {isa = PBXFileReference; fileEncoding = 4; lastKnownFileType = sourcecode.c.objc; path = SettingScene.m; sourceTree = "<group>"; };
		78ED870D1B318351007C7AF3 /* SettingScene.sks */ = {isa = PBXFileReference; lastKnownFileType = file.sks; path = SettingScene.sks; sourceTree = "<group>"; };
		78ED870F1B3188C2007C7AF3 /* help.png */ = {isa = PBXFileReference; lastKnownFileType = image.png; name = help.png; path = images/help.png; sourceTree = "<group>"; };
		846A28565D87650BE0D83F11 /* Pods-RightLeft.release.xcconfig */ = {isa = PBXFileReference; includeInIndex = 1; lastKnownFileType = text.xcconfig; name = "Pods-RightLeft.release.xcconfig"; path = "Pods/Target Support Files/Pods-RightLeft/Pods-RightLeft.release.xcconfig"; sourceTree = "<group>"; };
		9545691A92ED16683FE8683D /* Pods-RightLeft.debug.xcconfig */ = {isa = PBXFileReference; includeInIndex = 1; lastKnownFileType = text.xcconfig; name = "Pods-RightLeft.debug.xcconfig"; path = "Pods/Target Support Files/Pods-RightLeft/Pods-RightLeft.debug.xcconfig"; sourceTree = "<group>"; };
		DDA4B5401B3ABD100085178D /* GoogleMobileAds.framework */ = {isa = PBXFileReference; lastKnownFileType = wrapper.framework; path = GoogleMobileAds.framework; sourceTree = "<group>"; };
		F7BE2CDE6F91A4F143A9CDA7 /* libPods-RightLeft.a */ = {isa = PBXFileReference; explicitFileType = archive.ar; includeInIndex = 0; path = "libPods-RightLeft.a"; sourceTree = BUILT_PRODUCTS_DIR; };
/* End PBXFileReference section */

/* Begin PBXFrameworksBuildPhase section */
		782B39371B2D523600FDB449 /* Frameworks */ = {
			isa = PBXFrameworksBuildPhase;
			buildActionMask = 2147483647;
			files = (
				784B04101B9A88CE003ED3A6 /* libz.dylib in Frameworks */,
				784B040C1B9A8850003ED3A6 /* libc++.dylib in Frameworks */,
				784B040A1B9A8840003ED3A6 /* UIKit.framework in Frameworks */,
				784B04081B9A8835003ED3A6 /* SystemConfiguration.framework in Frameworks */,
				784B04061B9A8829003ED3A6 /* StoreKit.framework in Frameworks */,
				784B04041B9A881C003ED3A6 /* Social.framework in Frameworks */,
				784B04021B9A8811003ED3A6 /* Security.framework in Frameworks */,
				784B04001B9A8805003ED3A6 /* MessageUI.framework in Frameworks */,
				784B03FE1B9A87FB003ED3A6 /* MediaPlayer.framework in Frameworks */,
				784B03FC1B9A87EF003ED3A6 /* Foundation.framework in Frameworks */,
				784B03FA1B9A87E2003ED3A6 /* EventKit.framework in Frameworks */,
				784B03F81B9A87D1003ED3A6 /* CoreMotion.framework in Frameworks */,
				784B03F61B9A87C5003ED3A6 /* CoreLocation.framework in Frameworks */,
				784B03F41B9A87B6003ED3A6 /* CoreGraphics.framework in Frameworks */,
				784B03F21B9A87AD003ED3A6 /* CoreData.framework in Frameworks */,
				DDA4B5411B3ABD100085178D /* GoogleMobileAds.framework in Frameworks */,
				314853A42C815B715B2B33EB /* libPods-RightLeft.a in Frameworks */,
				784B040E1B9A8870003ED3A6 /* Tapjoy.framework in Frameworks */,
			);
			runOnlyForDeploymentPostprocessing = 0;
		};
/* End PBXFrameworksBuildPhase section */

/* Begin PBXGroup section */
		0BDC8136EA62E1044E39BB7A /* Frameworks */ = {
			isa = PBXGroup;
			children = (
				784B040F1B9A88CE003ED3A6 /* libz.dylib */,
				784B040D1B9A8870003ED3A6 /* Tapjoy.framework */,
				784B040B1B9A8850003ED3A6 /* libc++.dylib */,
				784B04091B9A8840003ED3A6 /* UIKit.framework */,
				784B04071B9A8835003ED3A6 /* SystemConfiguration.framework */,
				784B04051B9A8829003ED3A6 /* StoreKit.framework */,
				784B04031B9A881C003ED3A6 /* Social.framework */,
				784B04011B9A8811003ED3A6 /* Security.framework */,
				784B03FF1B9A8805003ED3A6 /* MessageUI.framework */,
				784B03FD1B9A87FB003ED3A6 /* MediaPlayer.framework */,
				784B03FB1B9A87EF003ED3A6 /* Foundation.framework */,
				784B03F91B9A87E2003ED3A6 /* EventKit.framework */,
				784B03F71B9A87D1003ED3A6 /* CoreMotion.framework */,
				784B03F51B9A87C5003ED3A6 /* CoreLocation.framework */,
				784B03F31B9A87B6003ED3A6 /* CoreGraphics.framework */,
				784B03F11B9A87AD003ED3A6 /* CoreData.framework */,
				F7BE2CDE6F91A4F143A9CDA7 /* libPods-RightLeft.a */,
			);
			name = Frameworks;
			sourceTree = "<group>";
		};
		782B39311B2D523600FDB449 = {
			isa = PBXGroup;
			children = (
				782B393C1B2D523600FDB449 /* RightLeft */,
				782B395B1B2D523700FDB449 /* RightLeftTests */,
				782B393B1B2D523600FDB449 /* Products */,
				0BDC8136EA62E1044E39BB7A /* Frameworks */,
				7F2344DBA04849A18A402A8C /* Pods */,
			);
			sourceTree = "<group>";
		};
		782B393B1B2D523600FDB449 /* Products */ = {
			isa = PBXGroup;
			children = (
				782B393A1B2D523600FDB449 /* RightLeft.app */,
			);
			name = Products;
			sourceTree = "<group>";
		};
		782B393C1B2D523600FDB449 /* RightLeft */ = {
			isa = PBXGroup;
			children = (
				DDA4B5401B3ABD100085178D /* GoogleMobileAds.framework */,
				78BB2A1F1B31D669001FF1C1 /* Sound */,
				786BAE3C1B2FE7D700541903 /* images */,
				782B39411B2D523600FDB449 /* AppDelegate.h */,
				782B39421B2D523600FDB449 /* AppDelegate.m */,
				782B39441B2D523600FDB449 /* GameScene.h */,
				782B39451B2D523600FDB449 /* GameScene.m */,
				782B39471B2D523700FDB449 /* GameScene.sks */,
				786BAE3A1B2FE1FC00541903 /* MenuScene.sks */,
				786BAE4F1B2FFD4400541903 /* GameEndScene.sks */,
				78ED870D1B318351007C7AF3 /* SettingScene.sks */,
				78ED870A1B318307007C7AF3 /* SettingScene.h */,
				78ED870B1B318307007C7AF3 /* SettingScene.m */,
				786BAE411B2FEB7F00541903 /* MenuScene.h */,
				786BAE421B2FEB7F00541903 /* MenuScene.m */,
				786BAE4C1B2FFC9100541903 /* GameEndScene.h */,
				786BAE4D1B2FFC9100541903 /* GameEndScene.m */,
				782B39491B2D523700FDB449 /* GameViewController.h */,
				782B394A1B2D523700FDB449 /* GameViewController.m */,
				786BAE341B2FB76400541903 /* GenerateUniqueRandomNumber.h */,
				786BAE351B2FB76400541903 /* GenerateUniqueRandomNumber.m */,
				786BAE371B2FB8B000541903 /* utiliz.h */,
				786BAE381B2FB8B000541903 /* utiliz.m */,
				78C68AB81B303FB3004B8EA3 /* AdmobViewController.h */,
				78C68AB91B303FB3004B8EA3 /* AdmobViewController.m */,
				78C68ABA1B303FB3004B8EA3 /* GameCenterClass.h */,
				78C68ABB1B303FB3004B8EA3 /* GameCenterClass.m */,
				78BB2A1E1B31A30B001FF1C1 /* RIghtLeftConstant.h */,
				782B394C1B2D523700FDB449 /* Main.storyboard */,
				782B394F1B2D523700FDB449 /* Images.xcassets */,
				782B39511B2D523700FDB449 /* LaunchScreen.xib */,
				782B393D1B2D523600FDB449 /* Supporting Files */,
			);
			path = RightLeft;
			sourceTree = "<group>";
		};
		782B393D1B2D523600FDB449 /* Supporting Files */ = {
			isa = PBXGroup;
			children = (
				782B393E1B2D523600FDB449 /* Info.plist */,
				782B393F1B2D523600FDB449 /* main.m */,
			);
			name = "Supporting Files";
			sourceTree = "<group>";
		};
		782B395B1B2D523700FDB449 /* RightLeftTests */ = {
			isa = PBXGroup;
			children = (
				782B395E1B2D523700FDB449 /* RightLeftTests.m */,
				782B395C1B2D523700FDB449 /* Supporting Files */,
			);
			path = RightLeftTests;
			sourceTree = "<group>";
		};
		782B395C1B2D523700FDB449 /* Supporting Files */ = {
			isa = PBXGroup;
			children = (
				782B395D1B2D523700FDB449 /* Info.plist */,
			);
			name = "Supporting Files";
			sourceTree = "<group>";
		};
		786BAE3C1B2FE7D700541903 /* images */ = {
			isa = PBXGroup;
			children = (
				786BAE481B2FF47700541903 /* gametitle.png */,
				786BAE461B2FF32E00541903 /* leaderboard.png */,
				786BAE441B2FF22800541903 /* settings.png */,
				786BAE3D1B2FE7E300541903 /* line.png */,
				786BAE3F1B2FEB4C00541903 /* play.png */,
				786BAE511B30078E00541903 /* blue.png */,
				786BAE521B30078E00541903 /* orange.png */,
				78ED870F1B3188C2007C7AF3 /* help.png */,
			);
			name = images;
			sourceTree = "<group>";
		};
		78BB2A1F1B31D669001FF1C1 /* Sound */ = {
			isa = PBXGroup;
			children = (
				78BB2A201B31D669001FF1C1 /* click.mp3 */,
				78BB2A211B31D669001FF1C1 /* wrong.wav */,
			);
			path = Sound;
			sourceTree = "<group>";
		};
		7F2344DBA04849A18A402A8C /* Pods */ = {
			isa = PBXGroup;
			children = (
				9545691A92ED16683FE8683D /* Pods-RightLeft.debug.xcconfig */,
				846A28565D87650BE0D83F11 /* Pods-RightLeft.release.xcconfig */,
			);
			name = Pods;
			sourceTree = "<group>";
		};
/* End PBXGroup section */

/* Begin PBXNativeTarget section */
		782B39391B2D523600FDB449 /* RightLeft */ = {
			isa = PBXNativeTarget;
			buildConfigurationList = 782B39621B2D523700FDB449 /* Build configuration list for PBXNativeTarget "RightLeft" */;
			buildPhases = (
				5ECD447CE14DF97C4C5507A0 /* Check Pods Manifest.lock */,
				782B39361B2D523600FDB449 /* Sources */,
				782B39371B2D523600FDB449 /* Frameworks */,
				782B39381B2D523600FDB449 /* Resources */,
				665ADDA4227E893D71E8BF13 /* Copy Pods Resources */,
			);
			buildRules = (
			);
			dependencies = (
			);
			name = RightLeft;
			productName = RightLeft;
			productReference = 782B393A1B2D523600FDB449 /* RightLeft.app */;
			productType = "com.apple.product-type.application";
		};
/* End PBXNativeTarget section */

/* Begin PBXProject section */
		782B39321B2D523600FDB449 /* Project object */ = {
			isa = PBXProject;
			attributes = {
				LastUpgradeCheck = 0630;
				ORGANIZATIONNAME = iappscrazy;
				TargetAttributes = {
					782B39391B2D523600FDB449 = {
						CreatedOnToolsVersion = 6.3.1;
						DevelopmentTeam = USLGQG74CE;
					};
				};
			};
			buildConfigurationList = 782B39351B2D523600FDB449 /* Build configuration list for PBXProject "RightLeft" */;
			compatibilityVersion = "Xcode 3.2";
			developmentRegion = English;
			hasScannedForEncodings = 0;
			knownRegions = (
				en,
				Base,
			);
			mainGroup = 782B39311B2D523600FDB449;
			productRefGroup = 782B393B1B2D523600FDB449 /* Products */;
			projectDirPath = "";
			projectRoot = "";
			targets = (
				782B39391B2D523600FDB449 /* RightLeft */,
			);
		};
/* End PBXProject section */

/* Begin PBXResourcesBuildPhase section */
		782B39381B2D523600FDB449 /* Resources */ = {
			isa = PBXResourcesBuildPhase;
			buildActionMask = 2147483647;
			files = (
				78BB2A221B31D669001FF1C1 /* click.mp3 in Resources */,
				786BAE451B2FF22800541903 /* settings.png in Resources */,
				786BAE401B2FEB4C00541903 /* play.png in Resources */,
				786BAE541B30078E00541903 /* orange.png in Resources */,
				78BB2A231B31D669001FF1C1 /* wrong.wav in Resources */,
				782B39531B2D523700FDB449 /* LaunchScreen.xib in Resources */,
				78ED87101B3188C2007C7AF3 /* help.png in Resources */,
				782B39501B2D523700FDB449 /* Images.xcassets in Resources */,
				786BAE491B2FF47700541903 /* gametitle.png in Resources */,
				782B39481B2D523700FDB449 /* GameScene.sks in Resources */,
				786BAE501B2FFD4400541903 /* GameEndScene.sks in Resources */,
				786BAE471B2FF32E00541903 /* leaderboard.png in Resources */,
				78ED870E1B318351007C7AF3 /* SettingScene.sks in Resources */,
				786BAE3B1B2FE1FC00541903 /* MenuScene.sks in Resources */,
				782B394E1B2D523700FDB449 /* Main.storyboard in Resources */,
				786BAE3E1B2FE7E300541903 /* line.png in Resources */,
				786BAE531B30078E00541903 /* blue.png in Resources */,
			);
			runOnlyForDeploymentPostprocessing = 0;
		};
/* End PBXResourcesBuildPhase section */

/* Begin PBXShellScriptBuildPhase section */
		5ECD447CE14DF97C4C5507A0 /* Check Pods Manifest.lock */ = {
			isa = PBXShellScriptBuildPhase;
			buildActionMask = 2147483647;
			files = (
			);
			inputPaths = (
			);
			name = "Check Pods Manifest.lock";
			outputPaths = (
			);
			runOnlyForDeploymentPostprocessing = 0;
			shellPath = /bin/sh;
			shellScript = "diff \"${PODS_ROOT}/../Podfile.lock\" \"${PODS_ROOT}/Manifest.lock\" > /dev/null\nif [[ $? != 0 ]] ; then\n    cat << EOM\nerror: The sandbox is not in sync with the Podfile.lock. Run 'pod install' or update your CocoaPods installation.\nEOM\n    exit 1\nfi\n";
			showEnvVarsInLog = 0;
		};
		665ADDA4227E893D71E8BF13 /* Copy Pods Resources */ = {
			isa = PBXShellScriptBuildPhase;
			buildActionMask = 2147483647;
			files = (
			);
			inputPaths = (
			);
			name = "Copy Pods Resources";
			outputPaths = (
			);
			runOnlyForDeploymentPostprocessing = 0;
			shellPath = /bin/sh;
			shellScript = "\"${SRCROOT}/Pods/Target Support Files/Pods-RightLeft/Pods-RightLeft-resources.sh\"\n";
			showEnvVarsInLog = 0;
		};
/* End PBXShellScriptBuildPhase section */

/* Begin PBXSourcesBuildPhase section */
		782B39361B2D523600FDB449 /* Sources */ = {
			isa = PBXSourcesBuildPhase;
			buildActionMask = 2147483647;
			files = (
				78ED870C1B318307007C7AF3 /* SettingScene.m in Sources */,
				786BAE4E1B2FFC9100541903 /* GameEndScene.m in Sources */,
				782B394B1B2D523700FDB449 /* GameViewController.m in Sources */,
				786BAE361B2FB76400541903 /* GenerateUniqueRandomNumber.m in Sources */,
				78C68ABC1B303FB3004B8EA3 /* AdmobViewController.m in Sources */,
				786BAE391B2FB8B000541903 /* utiliz.m in Sources */,
				78C68ABD1B303FB3004B8EA3 /* GameCenterClass.m in Sources */,
				786BAE431B2FEB7F00541903 /* MenuScene.m in Sources */,
				782B39431B2D523600FDB449 /* AppDelegate.m in Sources */,
				782B39461B2D523600FDB449 /* GameScene.m in Sources */,
				782B39401B2D523600FDB449 /* main.m in Sources */,
			);
			runOnlyForDeploymentPostprocessing = 0;
		};
/* End PBXSourcesBuildPhase section */

/* Begin PBXVariantGroup section */
		782B394C1B2D523700FDB449 /* Main.storyboard */ = {
			isa = PBXVariantGroup;
			children = (
				782B394D1B2D523700FDB449 /* Base */,
			);
			name = Main.storyboard;
			sourceTree = "<group>";
		};
		782B39511B2D523700FDB449 /* LaunchScreen.xib */ = {
			isa = PBXVariantGroup;
			children = (
				782B39521B2D523700FDB449 /* Base */,
			);
			name = LaunchScreen.xib;
			sourceTree = "<group>";
		};
/* End PBXVariantGroup section */

/* Begin XCBuildConfiguration section */
		782B39601B2D523700FDB449 /* Debug */ = {
			isa = XCBuildConfiguration;
			buildSettings = {
				ALWAYS_SEARCH_USER_PATHS = NO;
				CLANG_CXX_LANGUAGE_STANDARD = "gnu++0x";
				CLANG_CXX_LIBRARY = "libc++";
				CLANG_ENABLE_MODULES = YES;
				CLANG_ENABLE_OBJC_ARC = YES;
				CLANG_WARN_BOOL_CONVERSION = YES;
				CLANG_WARN_CONSTANT_CONVERSION = YES;
				CLANG_WARN_DIRECT_OBJC_ISA_USAGE = YES_ERROR;
				CLANG_WARN_EMPTY_BODY = YES;
				CLANG_WARN_ENUM_CONVERSION = YES;
				CLANG_WARN_INT_CONVERSION = YES;
				CLANG_WARN_OBJC_ROOT_CLASS = YES_ERROR;
				CLANG_WARN_UNREACHABLE_CODE = YES;
				CLANG_WARN__DUPLICATE_METHOD_MATCH = YES;
				"CODE_SIGN_IDENTITY[sdk=iphoneos*]" = "iPhone Developer";
				COPY_PHASE_STRIP = NO;
				DEBUG_INFORMATION_FORMAT = "dwarf-with-dsym";
				ENABLE_STRICT_OBJC_MSGSEND = YES;
				GCC_C_LANGUAGE_STANDARD = gnu99;
				GCC_DYNAMIC_NO_PIC = NO;
				GCC_NO_COMMON_BLOCKS = YES;
				GCC_OPTIMIZATION_LEVEL = 0;
				GCC_PREPROCESSOR_DEFINITIONS = (
					"DEBUG=1",
					"$(inherited)",
				);
				GCC_SYMBOLS_PRIVATE_EXTERN = NO;
				GCC_WARN_64_TO_32_BIT_CONVERSION = YES;
				GCC_WARN_ABOUT_RETURN_TYPE = YES_ERROR;
				GCC_WARN_UNDECLARED_SELECTOR = YES;
				GCC_WARN_UNINITIALIZED_AUTOS = YES_AGGRESSIVE;
				GCC_WARN_UNUSED_FUNCTION = YES;
				GCC_WARN_UNUSED_VARIABLE = YES;
				IPHONEOS_DEPLOYMENT_TARGET = 8.3;
				MTL_ENABLE_DEBUG_INFO = YES;
				ONLY_ACTIVE_ARCH = YES;
				SDKROOT = iphoneos;
				TARGETED_DEVICE_FAMILY = "1,2";
			};
			name = Debug;
		};
		782B39611B2D523700FDB449 /* Release */ = {
			isa = XCBuildConfiguration;
			buildSettings = {
				ALWAYS_SEARCH_USER_PATHS = NO;
				CLANG_CXX_LANGUAGE_STANDARD = "gnu++0x";
				CLANG_CXX_LIBRARY = "libc++";
				CLANG_ENABLE_MODULES = YES;
				CLANG_ENABLE_OBJC_ARC = YES;
				CLANG_WARN_BOOL_CONVERSION = YES;
				CLANG_WARN_CONSTANT_CONVERSION = YES;
				CLANG_WARN_DIRECT_OBJC_ISA_USAGE = YES_ERROR;
				CLANG_WARN_EMPTY_BODY = YES;
				CLANG_WARN_ENUM_CONVERSION = YES;
				CLANG_WARN_INT_CONVERSION = YES;
				CLANG_WARN_OBJC_ROOT_CLASS = YES_ERROR;
				CLANG_WARN_UNREACHABLE_CODE = YES;
				CLANG_WARN__DUPLICATE_METHOD_MATCH = YES;
				"CODE_SIGN_IDENTITY[sdk=iphoneos*]" = "iPhone Developer";
				COPY_PHASE_STRIP = NO;
				DEBUG_INFORMATION_FORMAT = "dwarf-with-dsym";
				ENABLE_NS_ASSERTIONS = NO;
				ENABLE_STRICT_OBJC_MSGSEND = YES;
				GCC_C_LANGUAGE_STANDARD = gnu99;
				GCC_NO_COMMON_BLOCKS = YES;
				GCC_WARN_64_TO_32_BIT_CONVERSION = YES;
				GCC_WARN_ABOUT_RETURN_TYPE = YES_ERROR;
				GCC_WARN_UNDECLARED_SELECTOR = YES;
				GCC_WARN_UNINITIALIZED_AUTOS = YES_AGGRESSIVE;
				GCC_WARN_UNUSED_FUNCTION = YES;
				GCC_WARN_UNUSED_VARIABLE = YES;
				IPHONEOS_DEPLOYMENT_TARGET = 8.3;
				MTL_ENABLE_DEBUG_INFO = NO;
				SDKROOT = iphoneos;
				TARGETED_DEVICE_FAMILY = "1,2";
				VALIDATE_PRODUCT = YES;
			};
			name = Release;
		};
		782B39631B2D523700FDB449 /* Debug */ = {
			isa = XCBuildConfiguration;
			baseConfigurationReference = 9545691A92ED16683FE8683D /* Pods-RightLeft.debug.xcconfig */;
			buildSettings = {
				ASSETCATALOG_COMPILER_APPICON_NAME = AppIcon;
				ASSETCATALOG_COMPILER_LAUNCHIMAGE_NAME = LaunchImage;
				CODE_SIGN_IDENTITY = "iPhone Distribution: balagurubaran kalingarayan (USLGQG74CE)";
				FRAMEWORK_SEARCH_PATHS = (
					"$(inherited)",
					"$(PROJECT_DIR)/RightLeft",
					"$(PROJECT_DIR)/Pods/TapjoySDK/TapjoySDK_iOS_v11.1.0/Libraries/Tapjoy.embeddedframework",
				);
				INFOPLIST_FILE = RightLeft/Info.plist;
				IPHONEOS_DEPLOYMENT_TARGET = 7.0;
				LD_RUNPATH_SEARCH_PATHS = "$(inherited) @executable_path/Frameworks";
				LIBRARY_SEARCH_PATHS = (
					"$(inherited)",
					"$(PROJECT_DIR)/RightLeft/GoogleMobileAdsSdkiOS-6.12.2",
				);
				ONLY_ACTIVE_ARCH = YES;
				OTHER_LDFLAGS = "-ObjC";
				PRODUCT_NAME = "$(TARGET_NAME)";
				PROVISIONING_PROFILE = "49228a7a-712d-45ea-a0cf-844e96e8549c";
				TARGETED_DEVICE_FAMILY = "1,2";
			};
			name = Debug;
		};
		782B39641B2D523700FDB449 /* Release */ = {
			isa = XCBuildConfiguration;
			baseConfigurationReference = 846A28565D87650BE0D83F11 /* Pods-RightLeft.release.xcconfig */;
			buildSettings = {
				ASSETCATALOG_COMPILER_APPICON_NAME = AppIcon;
				ASSETCATALOG_COMPILER_LAUNCHIMAGE_NAME = LaunchImage;
				CODE_SIGN_IDENTITY = "iPhone Distribution: balagurubaran kalingarayan (USLGQG74CE)";
				FRAMEWORK_SEARCH_PATHS = (
					"$(inherited)",
					"$(PROJECT_DIR)/RightLeft",
					"$(PROJECT_DIR)/Pods/TapjoySDK/TapjoySDK_iOS_v11.1.0/Libraries/Tapjoy.embeddedframework",
				);
				INFOPLIST_FILE = RightLeft/Info.plist;
				IPHONEOS_DEPLOYMENT_TARGET = 7.0;
				LD_RUNPATH_SEARCH_PATHS = "$(inherited) @executable_path/Frameworks";
				LIBRARY_SEARCH_PATHS = (
					"$(inherited)",
					"$(PROJECT_DIR)/RightLeft/GoogleMobileAdsSdkiOS-6.12.2",
				);
				OTHER_LDFLAGS = "-ObjC";
				PRODUCT_NAME = "$(TARGET_NAME)";
				PROVISIONING_PROFILE = "49228a7a-712d-45ea-a0cf-844e96e8549c";
				TARGETED_DEVICE_FAMILY = "1,2";
			};
			name = Release;
		};
/* End XCBuildConfiguration section */

/* Begin XCConfigurationList section */
		782B39351B2D523600FDB449 /* Build configuration list for PBXProject "RightLeft" */ = {
			isa = XCConfigurationList;
			buildConfigurations = (
				782B39601B2D523700FDB449 /* Debug */,
				782B39611B2D523700FDB449 /* Release */,
			);
			defaultConfigurationIsVisible = 0;
			defaultConfigurationName = Release;
		};
		782B39621B2D523700FDB449 /* Build configuration list for PBXNativeTarget "RightLeft" */ = {
			isa = XCConfigurationList;
			buildConfigurations = (
				782B39631B2D523700FDB449 /* Debug */,
				782B39641B2D523700FDB449 /* Release */,
			);
			defaultConfigurationIsVisible = 0;
			defaultConfigurationName = Release;
		};
/* End XCConfigurationList section */
	};
	rootObject = 782B39321B2D523600FDB449 /* Project object */;
}
